
Microsoft Visual Studio Solution File, Format Version 12.00
# Visual Studio Version 16
VisualStudioVersion = 16.0.30204.135
MinimumVisualStudioVersion = 10.0.40219.1
Project("{FAE04EC0-301F-11D3-BF4B-00C04F79EFBC}") = "Assignment1_N0000000", "Assignment1_N0000000\Assignment1_N0000000.csproj", "{0F362301-48F4-42BB-98C9-42CBC365877A}"
EndProject
Global
	GlobalSection(SolutionConfigurationPlatforms) = preSolution
		Debug|Any CPU = Debug|Any CPU
		Release|Any CPU = Release|Any CPU
	EndGlobalSection
	GlobalSection(ProjectConfigurationPlatforms) = postSolution
		{0F362301-48F4-42BB-98C9-42CBC365877A}.Debug|Any CPU.ActiveCfg = Debug|Any CPU
		{0F362301-48F4-42BB-98C9-42CBC365877A}.Debug|Any CPU.Build.0 = Debug|Any CPU
		{0F362301-48F4-42BB-98C9-42CBC365877A}.Release|Any CPU.ActiveCfg = Release|Any CPU
		{0F362301-48F4-42BB-98C9-42CBC365877A}.Release|Any CPU.Build.0 = Release|Any CPU
	EndGlobalSection
	GlobalSection(SolutionProperties) = preSolution
		HideSolutionNode = FALSE
	EndGlobalSection
	GlobalSection(ExtensibilityGlobals) = postSolution
		SolutionGuid = {2994D3E2-67E4-4ADA-9A8B-F47AA3607074}
	EndGlobalSection
EndGlobal
